
Microsoft Visual Studio Solution File, Format Version 12.00
# Visual Studio 15
VisualStudioVersion = 15.0.26430.16
MinimumVisualStudioVersion = 10.0.40219.1
Project("{FAE04EC0-301F-11D3-BF4B-00C04F79EFBC}") = "GOT.Android", "GOT\GOT.Android\GOT.Android.csproj", "{B38C84C6-3112-4AC7-A34A-A2AD46180DB9}"
EndProject
Project("{FAE04EC0-301F-11D3-BF4B-00C04F79EFBC}") = "GOT", "GOT\GOT\GOT.csproj", "{7EC9CBF9-F19B-40E1-9B19-4AA64C853FC6}"
EndProject
Project("{FAE04EC0-301F-11D3-BF4B-00C04F79EFBC}") = "GOT.UWP", "GOT\GOT.UWP\GOT.UWP.csproj", "{FF922458-1C3D-425D-88AB-416AECCCF839}"
EndProject
Project("{FAE04EC0-301F-11D3-BF4B-00C04F79EFBC}") = "GOT.iOS", "GOT\GOT.iOS\GOT.iOS.csproj", "{375D62D8-41BC-4F84-BDBA-4DD996505286}"
EndProject
Global
	GlobalSection(SolutionConfigurationPlatforms) = preSolution
		Ad-Hoc|Any CPU = Ad-Hoc|Any CPU
		Ad-Hoc|ARM = Ad-Hoc|ARM
		Ad-Hoc|iPhone = Ad-Hoc|iPhone
		Ad-Hoc|iPhoneSimulator = Ad-Hoc|iPhoneSimulator
		Ad-Hoc|x64 = Ad-Hoc|x64
		Ad-Hoc|x86 = Ad-Hoc|x86
		AppStore|Any CPU = AppStore|Any CPU
		AppStore|ARM = AppStore|ARM
		AppStore|iPhone = AppStore|iPhone
		AppStore|iPhoneSimulator = AppStore|iPhoneSimulator
		AppStore|x64 = AppStore|x64
		AppStore|x86 = AppStore|x86
		Debug|Any CPU = Debug|Any CPU
		Debug|ARM = Debug|ARM
		Debug|iPhone = Debug|iPhone
		Debug|iPhoneSimulator = Debug|iPhoneSimulator
		Debug|x64 = Debug|x64
		Debug|x86 = Debug|x86
		Release|Any CPU = Release|Any CPU
		Release|ARM = Release|ARM
		Release|iPhone = Release|iPhone
		Release|iPhoneSimulator = Release|iPhoneSimulator
		Release|x64 = Release|x64
		Release|x86 = Release|x86
	EndGlobalSection
	GlobalSection(ProjectConfigurationPlatforms) = postSolution
		{B38C84C6-3112-4AC7-A34A-A2AD46180DB9}.Ad-Hoc|Any CPU.ActiveCfg = Release|Any CPU
		{B38C84C6-3112-4AC7-A34A-A2AD46180DB9}.Ad-Hoc|Any CPU.Build.0 = Release|Any CPU
		{B38C84C6-3112-4AC7-A34A-A2AD46180DB9}.Ad-Hoc|Any CPU.Deploy.0 = Release|Any CPU
		{B38C84C6-3112-4AC7-A34A-A2AD46180DB9}.Ad-Hoc|ARM.ActiveCfg = Release|Any CPU
		{B38C84C6-3112-4AC7-A34A-A2AD46180DB9}.Ad-Hoc|ARM.Build.0 = Release|Any CPU
		{B38C84C6-3112-4AC7-A34A-A2AD46180DB9}.Ad-Hoc|ARM.Deploy.0 = Release|Any CPU
		{B38C84C6-3112-4AC7-A34A-A2AD46180DB9}.Ad-Hoc|iPhone.ActiveCfg = Release|Any CPU
		{B38C84C6-3112-4AC7-A34A-A2AD46180DB9}.Ad-Hoc|iPhone.Build.0 = Release|Any CPU
		{B38C84C6-3112-4AC7-A34A-A2AD46180DB9}.Ad-Hoc|iPhone.Deploy.0 = Release|Any CPU
		{B38C84C6-3112-4AC7-A34A-A2AD46180DB9}.Ad-Hoc|iPhoneSimulator.ActiveCfg = Release|Any CPU
		{B38C84C6-3112-4AC7-A34A-A2AD46180DB9}.Ad-Hoc|iPhoneSimulator.Build.0 = Release|Any CPU
		{B38C84C6-3112-4AC7-A34A-A2AD46180DB9}.Ad-Hoc|iPhoneSimulator.Deploy.0 = Release|Any CPU
		{B38C84C6-3112-4AC7-A34A-A2AD46180DB9}.Ad-Hoc|x64.ActiveCfg = Release|Any CPU
		{B38C84C6-3112-4AC7-A34A-A2AD46180DB9}.Ad-Hoc|x64.Build.0 = Release|Any CPU
		{B38C84C6-3112-4AC7-A34A-A2AD46180DB9}.Ad-Hoc|x64.Deploy.0 = Release|Any CPU
		{B38C84C6-3112-4AC7-A34A-A2AD46180DB9}.Ad-Hoc|x86.ActiveCfg = Release|Any CPU
		{B38C84C6-3112-4AC7-A34A-A2AD46180DB9}.Ad-Hoc|x86.Build.0 = Release|Any CPU
		{B38C84C6-3112-4AC7-A34A-A2AD46180DB9}.Ad-Hoc|x86.Deploy.0 = Release|Any CPU
		{B38C84C6-3112-4AC7-A34A-A2AD46180DB9}.AppStore|Any CPU.ActiveCfg = Release|Any CPU
		{B38C84C6-3112-4AC7-A34A-A2AD46180DB9}.AppStore|Any CPU.Build.0 = Release|Any CPU
		{B38C84C6-3112-4AC7-A34A-A2AD46180DB9}.AppStore|Any CPU.Deploy.0 = Release|Any CPU
		{B38C84C6-3112-4AC7-A34A-A2AD46180DB9}.AppStore|ARM.ActiveCfg = Release|Any CPU
		{B38C84C6-3112-4AC7-A34A-A2AD46180DB9}.AppStore|ARM.Build.0 = Release|Any CPU
		{B38C84C6-3112-4AC7-A34A-A2AD46180DB9}.AppStore|ARM.Deploy.0 = Release|Any CPU
		{B38C84C6-3112-4AC7-A34A-A2AD46180DB9}.AppStore|iPhone.ActiveCfg = Release|Any CPU
		{B38C84C6-3112-4AC7-A34A-A2AD46180DB9}.AppStore|iPhone.Build.0 = Release|Any CPU
		{B38C84C6-3112-4AC7-A34A-A2AD46180DB9}.AppStore|iPhone.Deploy.0 = Release|Any CPU
		{B38C84C6-3112-4AC7-A34A-A2AD46180DB9}.AppStore|iPhoneSimulator.ActiveCfg = Release|Any CPU
		{B38C84C6-3112-4AC7-A34A-A2AD46180DB9}.AppStore|iPhoneSimulator.Build.0 = Release|Any CPU
		{B38C84C6-3112-4AC7-A34A-A2AD46180DB9}.AppStore|iPhoneSimulator.Deploy.0 = Release|Any CPU
		{B38C84C6-3112-4AC7-A34A-A2AD46180DB9}.AppStore|x64.ActiveCfg = Release|Any CPU
		{B38C84C6-3112-4AC7-A34A-A2AD46180DB9}.AppStore|x64.Build.0 = Release|Any CPU
		{B38C84C6-3112-4AC7-A34A-A2AD46180DB9}.AppStore|x64.Deploy.0 = Release|Any CPU
		{B38C84C6-3112-4AC7-A34A-A2AD46180DB9}.AppStore|x86.ActiveCfg = Release|Any CPU
		{B38C84C6-3112-4AC7-A34A-A2AD46180DB9}.AppStore|x86.Build.0 = Release|Any CPU
		{B38C84C6-3112-4AC7-A34A-A2AD46180DB9}.AppStore|x86.Deploy.0 = Release|Any CPU
		{B38C84C6-3112-4AC7-A34A-A2AD46180DB9}.Debug|Any CPU.ActiveCfg = Debug|Any CPU
		{B38C84C6-3112-4AC7-A34A-A2AD46180DB9}.Debug|Any CPU.Build.0 = Debug|Any CPU
		{B38C84C6-3112-4AC7-A34A-A2AD46180DB9}.Debug|Any CPU.Deploy.0 = Debug|Any CPU
		{B38C84C6-3112-4AC7-A34A-A2AD46180DB9}.Debug|ARM.ActiveCfg = Debug|Any CPU
		{B38C84C6-3112-4AC7-A34A-A2AD46180DB9}.Debug|ARM.Build.0 = Debug|Any CPU
		{B38C84C6-3112-4AC7-A34A-A2AD46180DB9}.Debug|ARM.Deploy.0 = Debug|Any CPU
		{B38C84C6-3112-4AC7-A34A-A2AD46180DB9}.Debug|iPhone.ActiveCfg = Debug|Any CPU
		{B38C84C6-3112-4AC7-A34A-A2AD46180DB9}.Debug|iPhone.Build.0 = Debug|Any CPU
		{B38C84C6-3112-4AC7-A34A-A2AD46180DB9}.Debug|iPhone.Deploy.0 = Debug|Any CPU
		{B38C84C6-3112-4AC7-A34A-A2AD46180DB9}.Debug|iPhoneSimulator.ActiveCfg = Debug|Any CPU
		{B38C84C6-3112-4AC7-A34A-A2AD46180DB9}.Debug|iPhoneSimulator.Build.0 = Debug|Any CPU
		{B38C84C6-3112-4AC7-A34A-A2AD46180DB9}.Debug|iPhoneSimulator.Deploy.0 = Debug|Any CPU
		{B38C84C6-3112-4AC7-A34A-A2AD46180DB9}.Debug|x64.ActiveCfg = Debug|Any CPU
		{B38C84C6-3112-4AC7-A34A-A2AD46180DB9}.Debug|x64.Build.0 = Debug|Any CPU
		{B38C84C6-3112-4AC7-A34A-A2AD46180DB9}.Debug|x64.Deploy.0 = Debug|Any CPU
		{B38C84C6-3112-4AC7-A34A-A2AD46180DB9}.Debug|x86.ActiveCfg = Debug|Any CPU
		{B38C84C6-3112-4AC7-A34A-A2AD46180DB9}.Debug|x86.Build.0 = Debug|Any CPU
		{B38C84C6-3112-4AC7-A34A-A2AD46180DB9}.Debug|x86.Deploy.0 = Debug|Any CPU
		{B38C84C6-3112-4AC7-A34A-A2AD46180DB9}.Release|Any CPU.ActiveCfg = Release|Any CPU
		{B38C84C6-3112-4AC7-A34A-A2AD46180DB9}.Release|Any CPU.Build.0 = Release|Any CPU
		{B38C84C6-3112-4AC7-A34A-A2AD46180DB9}.Release|Any CPU.Deploy.0 = Release|Any CPU
		{B38C84C6-3112-4AC7-A34A-A2AD46180DB9}.Release|ARM.ActiveCfg = Release|Any CPU
		{B38C84C6-3112-4AC7-A34A-A2AD46180DB9}.Release|ARM.Build.0 = Release|Any CPU
		{B38C84C6-3112-4AC7-A34A-A2AD46180DB9}.Release|ARM.Deploy.0 = Release|Any CPU
		{B38C84C6-3112-4AC7-A34A-A2AD46180DB9}.Release|iPhone.ActiveCfg = Release|Any CPU
		{B38C84C6-3112-4AC7-A34A-A2AD46180DB9}.Release|iPhone.Build.0 = Release|Any CPU
		{B38C84C6-3112-4AC7-A34A-A2AD46180DB9}.Release|iPhone.Deploy.0 = Release|Any CPU
		{B38C84C6-3112-4AC7-A34A-A2AD46180DB9}.Release|iPhoneSimulator.ActiveCfg = Release|Any CPU
		{B38C84C6-3112-4AC7-A34A-A2AD46180DB9}.Release|iPhoneSimulator.Build.0 = Release|Any CPU
		{B38C84C6-3112-4AC7-A34A-A2AD46180DB9}.Release|iPhoneSimulator.Deploy.0 = Release|Any CPU
		{B38C84C6-3112-4AC7-A34A-A2AD46180DB9}.Release|x64.ActiveCfg = Release|Any CPU
		{B38C84C6-3112-4AC7-A34A-A2AD46180DB9}.Release|x64.Build.0 = Release|Any CPU
		{B38C84C6-3112-4AC7-A34A-A2AD46180DB9}.Release|x64.Deploy.0 = Release|Any CPU
		{B38C84C6-3112-4AC7-A34A-A2AD46180DB9}.Release|x86.ActiveCfg = Release|Any CPU
		{B38C84C6-3112-4AC7-A34A-A2AD46180DB9}.Release|x86.Build.0 = Release|Any CPU
		{B38C84C6-3112-4AC7-A34A-A2AD46180DB9}.Release|x86.Deploy.0 = Release|Any CPU
		{7EC9CBF9-F19B-40E1-9B19-4AA64C853FC6}.Ad-Hoc|Any CPU.ActiveCfg = Release|Any CPU
		{7EC9CBF9-F19B-40E1-9B19-4AA64C853FC6}.Ad-Hoc|Any CPU.Build.0 = Release|Any CPU
		{7EC9CBF9-F19B-40E1-9B19-4AA64C853FC6}.Ad-Hoc|ARM.ActiveCfg = Release|Any CPU
		{7EC9CBF9-F19B-40E1-9B19-4AA64C853FC6}.Ad-Hoc|ARM.Build.0 = Release|Any CPU
		{7EC9CBF9-F19B-40E1-9B19-4AA64C853FC6}.Ad-Hoc|iPhone.ActiveCfg = Release|Any CPU
		{7EC9CBF9-F19B-40E1-9B19-4AA64C853FC6}.Ad-Hoc|iPhone.Build.0 = Release|Any CPU
		{7EC9CBF9-F19B-40E1-9B19-4AA64C853FC6}.Ad-Hoc|iPhoneSimulator.ActiveCfg = Release|Any CPU
		{7EC9CBF9-F19B-40E1-9B19-4AA64C853FC6}.Ad-Hoc|iPhoneSimulator.Build.0 = Release|Any CPU
		{7EC9CBF9-F19B-40E1-9B19-4AA64C853FC6}.Ad-Hoc|x64.ActiveCfg = Release|Any CPU
		{7EC9CBF9-F19B-40E1-9B19-4AA64C853FC6}.Ad-Hoc|x64.Build.0 = Release|Any CPU
		{7EC9CBF9-F19B-40E1-9B19-4AA64C853FC6}.Ad-Hoc|x86.ActiveCfg = Release|Any CPU
		{7EC9CBF9-F19B-40E1-9B19-4AA64C853FC6}.Ad-Hoc|x86.Build.0 = Release|Any CPU
		{7EC9CBF9-F19B-40E1-9B19-4AA64C853FC6}.AppStore|Any CPU.ActiveCfg = Release|Any CPU
		{7EC9CBF9-F19B-40E1-9B19-4AA64C853FC6}.AppStore|Any CPU.Build.0 = Release|Any CPU
		{7EC9CBF9-F19B-40E1-9B19-4AA64C853FC6}.AppStore|ARM.ActiveCfg = Release|Any CPU
		{7EC9CBF9-F19B-40E1-9B19-4AA64C853FC6}.AppStore|ARM.Build.0 = Release|Any CPU
		{7EC9CBF9-F19B-40E1-9B19-4AA64C853FC6}.AppStore|iPhone.ActiveCfg = Release|Any CPU
		{7EC9CBF9-F19B-40E1-9B19-4AA64C853FC6}.AppStore|iPhone.Build.0 = Release|Any CPU
		{7EC9CBF9-F19B-40E1-9B19-4AA64C853FC6}.AppStore|iPhoneSimulator.ActiveCfg = Release|Any CPU
		{7EC9CBF9-F19B-40E1-9B19-4AA64C853FC6}.AppStore|iPhoneSimulator.Build.0 = Release|Any CPU
		{7EC9CBF9-F19B-40E1-9B19-4AA64C853FC6}.AppStore|x64.ActiveCfg = Release|Any CPU
		{7EC9CBF9-F19B-40E1-9B19-4AA64C853FC6}.AppStore|x64.Build.0 = Release|Any CPU
		{7EC9CBF9-F19B-40E1-9B19-4AA64C853FC6}.AppStore|x86.ActiveCfg = Release|Any CPU
		{7EC9CBF9-F19B-40E1-9B19-4AA64C853FC6}.AppStore|x86.Build.0 = Release|Any CPU
		{7EC9CBF9-F19B-40E1-9B19-4AA64C853FC6}.Debug|Any CPU.ActiveCfg = Debug|Any CPU
		{7EC9CBF9-F19B-40E1-9B19-4AA64C853FC6}.Debug|Any CPU.Build.0 = Debug|Any CPU
		{7EC9CBF9-F19B-40E1-9B19-4AA64C853FC6}.Debug|ARM.ActiveCfg = Debug|Any CPU
		{7EC9CBF9-F19B-40E1-9B19-4AA64C853FC6}.Debug|ARM.Build.0 = Debug|Any CPU
		{7EC9CBF9-F19B-40E1-9B19-4AA64C853FC6}.Debug|iPhone.ActiveCfg = Debug|Any CPU
		{7EC9CBF9-F19B-40E1-9B19-4AA64C853FC6}.Debug|iPhone.Build.0 = Debug|Any CPU
		{7EC9CBF9-F19B-40E1-9B19-4AA64C853FC6}.Debug|iPhoneSimulator.ActiveCfg = Debug|Any CPU
		{7EC9CBF9-F19B-40E1-9B19-4AA64C853FC6}.Debug|iPhoneSimulator.Build.0 = Debug|Any CPU
		{7EC9CBF9-F19B-40E1-9B19-4AA64C853FC6}.Debug|x64.ActiveCfg = Debug|Any CPU
		{7EC9CBF9-F19B-40E1-9B19-4AA64C853FC6}.Debug|x64.Build.0 = Debug|Any CPU
		{7EC9CBF9-F19B-40E1-9B19-4AA64C853FC6}.Debug|x86.ActiveCfg = Debug|Any CPU
		{7EC9CBF9-F19B-40E1-9B19-4AA64C853FC6}.Debug|x86.Build.0 = Debug|Any CPU
		{7EC9CBF9-F19B-40E1-9B19-4AA64C853FC6}.Release|Any CPU.ActiveCfg = Release|Any CPU
		{7EC9CBF9-F19B-40E1-9B19-4AA64C853FC6}.Release|Any CPU.Build.0 = Release|Any CPU
		{7EC9CBF9-F19B-40E1-9B19-4AA64C853FC6}.Release|ARM.ActiveCfg = Release|Any CPU
		{7EC9CBF9-F19B-40E1-9B19-4AA64C853FC6}.Release|ARM.Build.0 = Release|Any CPU
		{7EC9CBF9-F19B-40E1-9B19-4AA64C853FC6}.Release|iPhone.ActiveCfg = Release|Any CPU
		{7EC9CBF9-F19B-40E1-9B19-4AA64C853FC6}.Release|iPhone.Build.0 = Release|Any CPU
		{7EC9CBF9-F19B-40E1-9B19-4AA64C853FC6}.Release|iPhoneSimulator.ActiveCfg = Release|Any CPU
		{7EC9CBF9-F19B-40E1-9B19-4AA64C853FC6}.Release|iPhoneSimulator.Build.0 = Release|Any CPU
		{7EC9CBF9-F19B-40E1-9B19-4AA64C853FC6}.Release|x64.ActiveCfg = Release|Any CPU
		{7EC9CBF9-F19B-40E1-9B19-4AA64C853FC6}.Release|x64.Build.0 = Release|Any CPU
		{7EC9CBF9-F19B-40E1-9B19-4AA64C853FC6}.Release|x86.ActiveCfg = Release|Any CPU
		{7EC9CBF9-F19B-40E1-9B19-4AA64C853FC6}.Release|x86.Build.0 = Release|Any CPU
		{FF922458-1C3D-425D-88AB-416AECCCF839}.Ad-Hoc|Any CPU.ActiveCfg = Release|x86
		{FF922458-1C3D-425D-88AB-416AECCCF839}.Ad-Hoc|Any CPU.Build.0 = Release|x86
		{FF922458-1C3D-425D-88AB-416AECCCF839}.Ad-Hoc|Any CPU.Deploy.0 = Release|x86
		{FF922458-1C3D-425D-88AB-416AECCCF839}.Ad-Hoc|ARM.ActiveCfg = Release|ARM
		{FF922458-1C3D-425D-88AB-416AECCCF839}.Ad-Hoc|ARM.Build.0 = Release|ARM
		{FF922458-1C3D-425D-88AB-416AECCCF839}.Ad-Hoc|ARM.Deploy.0 = Release|ARM
		{FF922458-1C3D-425D-88AB-416AECCCF839}.Ad-Hoc|iPhone.ActiveCfg = Release|x86
		{FF922458-1C3D-425D-88AB-416AECCCF839}.Ad-Hoc|iPhone.Build.0 = Release|x86
		{FF922458-1C3D-425D-88AB-416AECCCF839}.Ad-Hoc|iPhone.Deploy.0 = Release|x86
		{FF922458-1C3D-425D-88AB-416AECCCF839}.Ad-Hoc|iPhoneSimulator.ActiveCfg = Release|x86
		{FF922458-1C3D-425D-88AB-416AECCCF839}.Ad-Hoc|iPhoneSimulator.Build.0 = Release|x86
		{FF922458-1C3D-425D-88AB-416AECCCF839}.Ad-Hoc|iPhoneSimulator.Deploy.0 = Release|x86
		{FF922458-1C3D-425D-88AB-416AECCCF839}.Ad-Hoc|x64.ActiveCfg = Release|x64
		{FF922458-1C3D-425D-88AB-416AECCCF839}.Ad-Hoc|x64.Build.0 = Release|x64
		{FF922458-1C3D-425D-88AB-416AECCCF839}.Ad-Hoc|x64.Deploy.0 = Release|x64
		{FF922458-1C3D-425D-88AB-416AECCCF839}.Ad-Hoc|x86.ActiveCfg = Release|x86
		{FF922458-1C3D-425D-88AB-416AECCCF839}.Ad-Hoc|x86.Build.0 = Release|x86
		{FF922458-1C3D-425D-88AB-416AECCCF839}.Ad-Hoc|x86.Deploy.0 = Release|x86
		{FF922458-1C3D-425D-88AB-416AECCCF839}.AppStore|Any CPU.ActiveCfg = Release|x86
		{FF922458-1C3D-425D-88AB-416AECCCF839}.AppStore|Any CPU.Build.0 = Release|x86
		{FF922458-1C3D-425D-88AB-416AECCCF839}.AppStore|Any CPU.Deploy.0 = Release|x86
		{FF922458-1C3D-425D-88AB-416AECCCF839}.AppStore|ARM.ActiveCfg = Release|ARM
		{FF922458-1C3D-425D-88AB-416AECCCF839}.AppStore|ARM.Build.0 = Release|ARM
		{FF922458-1C3D-425D-88AB-416AECCCF839}.AppStore|ARM.Deploy.0 = Release|ARM
		{FF922458-1C3D-425D-88AB-416AECCCF839}.AppStore|iPhone.ActiveCfg = Release|x86
		{FF922458-1C3D-425D-88AB-416AECCCF839}.AppStore|iPhone.Build.0 = Release|x86
		{FF922458-1C3D-425D-88AB-416AECCCF839}.AppStore|iPhone.Deploy.0 = Release|x86
		{FF922458-1C3D-425D-88AB-416AECCCF839}.AppStore|iPhoneSimulator.ActiveCfg = Release|x86
		{FF922458-1C3D-425D-88AB-416AECCCF839}.AppStore|iPhoneSimulator.Build.0 = Release|x86
		{FF922458-1C3D-425D-88AB-416AECCCF839}.AppStore|iPhoneSimulator.Deploy.0 = Release|x86
		{FF922458-1C3D-425D-88AB-416AECCCF839}.AppStore|x64.ActiveCfg = Release|x64
		{FF922458-1C3D-425D-88AB-416AECCCF839}.AppStore|x64.Build.0 = Release|x64
		{FF922458-1C3D-425D-88AB-416AECCCF839}.AppStore|x64.Deploy.0 = Release|x64
		{FF922458-1C3D-425D-88AB-416AECCCF839}.AppStore|x86.ActiveCfg = Release|x86
		{FF922458-1C3D-425D-88AB-416AECCCF839}.AppStore|x86.Build.0 = Release|x86
		{FF922458-1C3D-425D-88AB-416AECCCF839}.AppStore|x86.Deploy.0 = Release|x86
		{FF922458-1C3D-425D-88AB-416AECCCF839}.Debug|Any CPU.ActiveCfg = Debug|x86
		{FF922458-1C3D-425D-88AB-416AECCCF839}.Debug|ARM.ActiveCfg = Debug|ARM
		{FF922458-1C3D-425D-88AB-416AECCCF839}.Debug|ARM.Build.0 = Debug|ARM
		{FF922458-1C3D-425D-88AB-416AECCCF839}.Debug|ARM.Deploy.0 = Debug|ARM
		{FF922458-1C3D-425D-88AB-416AECCCF839}.Debug|iPhone.ActiveCfg = Debug|x86
		{FF922458-1C3D-425D-88AB-416AECCCF839}.Debug|iPhoneSimulator.ActiveCfg = Debug|x86
		{FF922458-1C3D-425D-88AB-416AECCCF839}.Debug|x64.ActiveCfg = Debug|x64
		{FF922458-1C3D-425D-88AB-416AECCCF839}.Debug|x64.Build.0 = Debug|x64
		{FF922458-1C3D-425D-88AB-416AECCCF839}.Debug|x64.Deploy.0 = Debug|x64
		{FF922458-1C3D-425D-88AB-416AECCCF839}.Debug|x86.ActiveCfg = Debug|x86
		{FF922458-1C3D-425D-88AB-416AECCCF839}.Debug|x86.Build.0 = Debug|x86
		{FF922458-1C3D-425D-88AB-416AECCCF839}.Debug|x86.Deploy.0 = Debug|x86
		{FF922458-1C3D-425D-88AB-416AECCCF839}.Release|Any CPU.ActiveCfg = Release|x86
		{FF922458-1C3D-425D-88AB-416AECCCF839}.Release|ARM.ActiveCfg = Release|ARM
		{FF922458-1C3D-425D-88AB-416AECCCF839}.Release|ARM.Build.0 = Release|ARM
		{FF922458-1C3D-425D-88AB-416AECCCF839}.Release|ARM.Deploy.0 = Release|ARM
		{FF922458-1C3D-425D-88AB-416AECCCF839}.Release|iPhone.ActiveCfg = Release|x86
		{FF922458-1C3D-425D-88AB-416AECCCF839}.Release|iPhoneSimulator.ActiveCfg = Release|x86
		{FF922458-1C3D-425D-88AB-416AECCCF839}.Release|x64.ActiveCfg = Release|x64
		{FF922458-1C3D-425D-88AB-416AECCCF839}.Release|x64.Build.0 = Release|x64
		{FF922458-1C3D-425D-88AB-416AECCCF839}.Release|x64.Deploy.0 = Release|x64
		{FF922458-1C3D-425D-88AB-416AECCCF839}.Release|x86.ActiveCfg = Release|x86
		{FF922458-1C3D-425D-88AB-416AECCCF839}.Release|x86.Build.0 = Release|x86
		{FF922458-1C3D-425D-88AB-416AECCCF839}.Release|x86.Deploy.0 = Release|x86
		{375D62D8-41BC-4F84-BDBA-4DD996505286}.Ad-Hoc|Any CPU.ActiveCfg = Ad-Hoc|iPhone
		{375D62D8-41BC-4F84-BDBA-4DD996505286}.Ad-Hoc|ARM.ActiveCfg = Ad-Hoc|iPhone
		{375D62D8-41BC-4F84-BDBA-4DD996505286}.Ad-Hoc|iPhone.ActiveCfg = Ad-Hoc|iPhone
		{375D62D8-41BC-4F84-BDBA-4DD996505286}.Ad-Hoc|iPhone.Build.0 = Ad-Hoc|iPhone
		{375D62D8-41BC-4F84-BDBA-4DD996505286}.Ad-Hoc|iPhoneSimulator.ActiveCfg = Ad-Hoc|iPhoneSimulator
		{375D62D8-41BC-4F84-BDBA-4DD996505286}.Ad-Hoc|iPhoneSimulator.Build.0 = Ad-Hoc|iPhoneSimulator
		{375D62D8-41BC-4F84-BDBA-4DD996505286}.Ad-Hoc|x64.ActiveCfg = Ad-Hoc|iPhone
		{375D62D8-41BC-4F84-BDBA-4DD996505286}.Ad-Hoc|x86.ActiveCfg = Ad-Hoc|iPhone
		{375D62D8-41BC-4F84-BDBA-4DD996505286}.AppStore|Any CPU.ActiveCfg = AppStore|iPhone
		{375D62D8-41BC-4F84-BDBA-4DD996505286}.AppStore|ARM.ActiveCfg = AppStore|iPhone
		{375D62D8-41BC-4F84-BDBA-4DD996505286}.AppStore|iPhone.ActiveCfg = AppStore|iPhone
		{375D62D8-41BC-4F84-BDBA-4DD996505286}.AppStore|iPhone.Build.0 = AppStore|iPhone
		{375D62D8-41BC-4F84-BDBA-4DD996505286}.AppStore|iPhoneSimulator.ActiveCfg = AppStore|iPhoneSimulator
		{375D62D8-41BC-4F84-BDBA-4DD996505286}.AppStore|iPhoneSimulator.Build.0 = AppStore|iPhoneSimulator
		{375D62D8-41BC-4F84-BDBA-4DD996505286}.AppStore|x64.ActiveCfg = AppStore|iPhone
		{375D62D8-41BC-4F84-BDBA-4DD996505286}.AppStore|x86.ActiveCfg = AppStore|iPhone
		{375D62D8-41BC-4F84-BDBA-4DD996505286}.Debug|Any CPU.ActiveCfg = Debug|iPhone
		{375D62D8-41BC-4F84-BDBA-4DD996505286}.Debug|ARM.ActiveCfg = Debug|iPhone
		{375D62D8-41BC-4F84-BDBA-4DD996505286}.Debug|iPhone.ActiveCfg = Debug|iPhone
		{375D62D8-41BC-4F84-BDBA-4DD996505286}.Debug|iPhone.Build.0 = Debug|iPhone
		{375D62D8-41BC-4F84-BDBA-4DD996505286}.Debug|iPhoneSimulator.ActiveCfg = Debug|iPhoneSimulator
		{375D62D8-41BC-4F84-BDBA-4DD996505286}.Debug|iPhoneSimulator.Build.0 = Debug|iPhoneSimulator
		{375D62D8-41BC-4F84-BDBA-4DD996505286}.Debug|x64.ActiveCfg = Debug|iPhone
		{375D62D8-41BC-4F84-BDBA-4DD996505286}.Debug|x86.ActiveCfg = Debug|iPhone
		{375D62D8-41BC-4F84-BDBA-4DD996505286}.Release|Any CPU.ActiveCfg = Release|iPhone
		{375D62D8-41BC-4F84-BDBA-4DD996505286}.Release|ARM.ActiveCfg = Release|iPhone
		{375D62D8-41BC-4F84-BDBA-4DD996505286}.Release|iPhone.ActiveCfg = Release|iPhone
		{375D62D8-41BC-4F84-BDBA-4DD996505286}.Release|iPhone.Build.0 = Release|iPhone
		{375D62D8-41BC-4F84-BDBA-4DD996505286}.Release|iPhoneSimulator.ActiveCfg = Release|iPhoneSimulator
		{375D62D8-41BC-4F84-BDBA-4DD996505286}.Release|iPhoneSimulator.Build.0 = Release|iPhoneSimulator
		{375D62D8-41BC-4F84-BDBA-4DD996505286}.Release|x64.ActiveCfg = Release|iPhone
		{375D62D8-41BC-4F84-BDBA-4DD996505286}.Release|x86.ActiveCfg = Release|iPhone
	EndGlobalSection
	GlobalSection(SolutionProperties) = preSolution
		HideSolutionNode = FALSE
	EndGlobalSection
EndGlobal
